
Microsoft Visual Studio Solution File, Format Version 12.00
# Visual Studio Version 17
VisualStudioVersion = 17.2.32526.322
MinimumVisualStudioVersion = 10.0.40219.1
Project("{FAE04EC0-301F-11D3-BF4B-00C04F79EFBC}") = "WebApplication1", "WebApplication1\WebApplication1.csproj", "{095A03A4-A8BB-418D-900C-852701790AB3}"
EndProject
Global
	GlobalSection(SolutionConfigurationPlatforms) = preSolution
		Debug|Any CPU = Debug|Any CPU
		Release|Any CPU = Release|Any CPU
	EndGlobalSection
	GlobalSection(ProjectConfigurationPlatforms) = postSolution
		{095A03A4-A8BB-418D-900C-852701790AB3}.Debug|Any CPU.ActiveCfg = Debug|Any CPU
		{095A03A4-A8BB-418D-900C-852701790AB3}.Debug|Any CPU.Build.0 = Debug|Any CPU
		{095A03A4-A8BB-418D-900C-852701790AB3}.Release|Any CPU.ActiveCfg = Release|Any CPU
		{095A03A4-A8BB-418D-900C-852701790AB3}.Release|Any CPU.Build.0 = Release|Any CPU
	EndGlobalSection
	GlobalSection(SolutionProperties) = preSolution
		HideSolutionNode = FALSE
	EndGlobalSection
	GlobalSection(ExtensibilityGlobals) = postSolution
		SolutionGuid = {E3AE97ED-2E0D-4572-96AB-33F4BB47BE84}
	EndGlobalSection
EndGlobal
